
Microsoft Visual Studio Solution File, Format Version 12.00
# Visual Studio 14
VisualStudioVersion = 14.0.21812.0
MinimumVisualStudioVersion = 10.0.40219.1
Project("{8BB2217D-0F2D-49D1-97BC-3654ED321F3B}") = "MySampleApplication", "src\MySampleApplication\MySampleApplication.kproj", "{8B8C1231-8CF4-4D31-8146-14EF9A25CEB2}"
EndProject
Project("{8BB2217D-0F2D-49D1-97BC-3654ED321F3B}") = "CustomLoader", "src\CustomLoader\CustomLoader.kproj", "{4F7A94A1-1AD4-471F-BE24-56EDCAE7A824}"
EndProject
Project("{8BB2217D-0F2D-49D1-97BC-3654ED321F3B}") = "Loader.FSharp", "src\Loader.FSharp\Loader.FSharp.kproj", "{33458E01-502F-4F07-80F9-2C79217986DF}"
EndProject
Project("{8BB2217D-0F2D-49D1-97BC-3654ED321F3B}") = "HelloWorldFSharp", "src\HelloWorldFSharp\HelloWorldFSharp.kproj", "{7F30C8B1-7D35-4C99-ACD3-00A2A696B0AE}"
EndProject
Global
	GlobalSection(SolutionConfigurationPlatforms) = preSolution
		Debug|Any CPU = Debug|Any CPU
		Release|Any CPU = Release|Any CPU
	EndGlobalSection
	GlobalSection(ProjectConfigurationPlatforms) = postSolution
		{8B8C1231-8CF4-4D31-8146-14EF9A25CEB2}.Debug|Any CPU.ActiveCfg = Debug|Any CPU
		{8B8C1231-8CF4-4D31-8146-14EF9A25CEB2}.Release|Any CPU.ActiveCfg = Release|Any CPU
		{8B8C1231-8CF4-4D31-8146-14EF9A25CEB2}.Release|Any CPU.Build.0 = Release|Any CPU
		{4F7A94A1-1AD4-471F-BE24-56EDCAE7A824}.Debug|Any CPU.ActiveCfg = Debug|Any CPU
		{4F7A94A1-1AD4-471F-BE24-56EDCAE7A824}.Debug|Any CPU.Build.0 = Debug|Any CPU
		{4F7A94A1-1AD4-471F-BE24-56EDCAE7A824}.Release|Any CPU.ActiveCfg = Release|Any CPU
		{4F7A94A1-1AD4-471F-BE24-56EDCAE7A824}.Release|Any CPU.Build.0 = Release|Any CPU
		{33458E01-502F-4F07-80F9-2C79217986DF}.Debug|Any CPU.ActiveCfg = Debug|Any CPU
		{33458E01-502F-4F07-80F9-2C79217986DF}.Debug|Any CPU.Build.0 = Debug|Any CPU
		{33458E01-502F-4F07-80F9-2C79217986DF}.Release|Any CPU.ActiveCfg = Release|Any CPU
		{33458E01-502F-4F07-80F9-2C79217986DF}.Release|Any CPU.Build.0 = Release|Any CPU
		{7F30C8B1-7D35-4C99-ACD3-00A2A696B0AE}.Debug|Any CPU.ActiveCfg = Debug|Any CPU
		{7F30C8B1-7D35-4C99-ACD3-00A2A696B0AE}.Release|Any CPU.ActiveCfg = Release|Any CPU
		{7F30C8B1-7D35-4C99-ACD3-00A2A696B0AE}.Release|Any CPU.Build.0 = Release|Any CPU
	EndGlobalSection
	GlobalSection(SolutionProperties) = preSolution
		HideSolutionNode = FALSE
	EndGlobalSection
EndGlobal
